
Microsoft Visual Studio Solution File, Format Version 12.00
# Visual Studio 15
VisualStudioVersion = 15.0.28307.168
MinimumVisualStudioVersion = 10.0.40219.1
Project("{FAE04EC0-301F-11D3-BF4B-00C04F79EFBC}") = "AudioAnalyzer", "AudioAnalyzer\AudioAnalyzer.csproj", "{EB68B14E-44C2-4356-BEE9-18C2874D8C40}"
EndProject
Global
	GlobalSection(SolutionConfigurationPlatforms) = preSolution
		Debug|Any CPU = Debug|Any CPU
		Release|Any CPU = Release|Any CPU
	EndGlobalSection
	GlobalSection(ProjectConfigurationPlatforms) = postSolution
		{EB68B14E-44C2-4356-BEE9-18C2874D8C40}.Debug|Any CPU.ActiveCfg = Debug|Any CPU
		{EB68B14E-44C2-4356-BEE9-18C2874D8C40}.Debug|Any CPU.Build.0 = Debug|Any CPU
		{EB68B14E-44C2-4356-BEE9-18C2874D8C40}.Release|Any CPU.ActiveCfg = Release|Any CPU
		{EB68B14E-44C2-4356-BEE9-18C2874D8C40}.Release|Any CPU.Build.0 = Release|Any CPU
	EndGlobalSection
	GlobalSection(SolutionProperties) = preSolution
		HideSolutionNode = FALSE
	EndGlobalSection
	GlobalSection(ExtensibilityGlobals) = postSolution
		SolutionGuid = {C7BFF35B-4A8B-466A-AA4B-ECF2968CCD85}
	EndGlobalSection
EndGlobal
